---
lockfileVersion: 1
lockfileVendor: redhat
arches:
- arch: x86_64
  packages:
  - url: https://kojipkgs.fedoraproject.org/compose/rawhide/latest-Fedora-Rawhide/compose/Everything/x86_64/os/Packages/l/liboqs-0.10.1-2.fc41.x86_64.rpm
    repoid: fedora
    size: 259175
    checksum: sha256:c90ff878577e32ecf5dd521ec019fc7f53b511e7f757adfea6dcf3438d6dd457
    name: liboqs
    evr: 0.10.1-2.fc41
    sourcerpm: liboqs-0.10.1-2.fc41.src.rpm
  - url: https://kojipkgs.fedoraproject.org/compose/rawhide/latest-Fedora-Rawhide/compose/Everything/x86_64/os/Packages/o/openssl-3.2.2-5.fc41.x86_64.rpm
    repoid: fedora
    size: 1167502
    checksum: sha256:e6ab26a7f29c1ab45cf3959ae59345d9bba3b1635bd04f268cb868523731d604
    name: openssl
    evr: 1:3.2.2-5.fc41
    sourcerpm: openssl-3.2.2-5.fc41.src.rpm
  - url: https://kojipkgs.fedoraproject.org/compose/rawhide/latest-Fedora-Rawhide/compose/Everything/x86_64/os/Packages/o/oqsprovider-0.6.0-3.fc41.x86_64.rpm
    repoid: fedora
    size: 183176
    checksum: sha256:647eacabe6cf00acaa32a83d493ba531b21be87caec43d39f86f09b110fce6ea
    name: oqsprovider
    evr: 0.6.0-3.fc41
    sourcerpm: oqsprovider-0.6.0-3.fc41.src.rpm
  source:
  - url: https://kojipkgs.fedoraproject.org/compose/rawhide/latest-Fedora-Rawhide/compose/Everything/source/tree/Packages/l/liboqs-0.10.1-2.fc41.src.rpm
    repoid: fedora-source
    size: 4198197
    checksum: sha256:096b3b18c863c2e81f41ed9b06e89e2d7b48bd03ea466e53272093aa32ecffd5
    name: liboqs
    evr: 0.10.1-2.fc41
  - url: https://kojipkgs.fedoraproject.org/compose/rawhide/latest-Fedora-Rawhide/compose/Everything/source/tree/Packages/o/openssl-3.2.2-5.fc41.src.rpm
    repoid: fedora-source
    size: 17989079
    checksum: sha256:45b60d8b5fc4091893472af50f3ff5bebcfea3f0b0939ae7f4988386141b1889
    name: openssl
    evr: 1:3.2.2-5.fc41
  - url: https://kojipkgs.fedoraproject.org/compose/rawhide/latest-Fedora-Rawhide/compose/Everything/source/tree/Packages/o/oqsprovider-0.6.0-3.fc41.src.rpm
    repoid: fedora-source
    size: 210156
    checksum: sha256:685bd4ebe7caeaee8f2ceff2488e43cfeafdbef856e6b2b876dd132b0b330074
    name: oqsprovider
    evr: 0.6.0-3.fc41
